{
  "lockfile_version": "1",
  "packages": {
    "go-task@3.38.0": {
      "last_modified": "2024-09-10T15:01:03Z",
      "resolved": "github:NixOS/nixpkgs/5ed627539ac84809c78b2dd6d26a5cebeb5ae269#go-task",
      "source": "devbox-search",
      "version": "3.38.0",
      "systems": {
        "aarch64-darwin": {
          "outputs": [
            {
              "name": "out",
              "path": "/nix/store/6fnjga1f6y9yw0xfa7bqq48mk4wnwj60-go-task-3.38.0",
              "default": true
            }
          ],
          "store_path": "/nix/store/6fnjga1f6y9yw0xfa7bqq48mk4wnwj60-go-task-3.38.0"
        },
        "aarch64-linux": {
          "outputs": [
            {
              "name": "out",
              "path": "/nix/store/y00rivpjziw0zpzacdxjmrs5i28d7grf-go-task-3.38.0",
              "default": true
            }
          ],
          "store_path": "/nix/store/y00rivpjziw0zpzacdxjmrs5i28d7grf-go-task-3.38.0"
        },
        "x86_64-darwin": {
          "outputs": [
            {
              "name": "out",
              "path": "/nix/store/kc0zm9kgsraznqyns5jqv0dixfgk6fm7-go-task-3.38.0",
              "default": true
            }
          ],
          "store_path": "/nix/store/kc0zm9kgsraznqyns5jqv0dixfgk6fm7-go-task-3.38.0"
        },
        "x86_64-linux": {
          "outputs": [
            {
              "name": "out",
              "path": "/nix/store/6fya93gcf8sla6npxp99rnbvyj6pmnr5-go-task-3.38.0",
              "default": true
            }
          ],
          "store_path": "/nix/store/6fya93gcf8sla6npxp99rnbvyj6pmnr5-go-task-3.38.0"
        }
      }
    },
    "rlwrap@latest": {
      "last_modified": "2024-09-10T15:01:03Z",
      "resolved": "github:NixOS/nixpkgs/5ed627539ac84809c78b2dd6d26a5cebeb5ae269#rlwrap",
      "source": "devbox-search",
      "version": "0.46.1",
      "systems": {
        "aarch64-darwin": {
          "outputs": [
            {
              "name": "out",
              "path": "/nix/store/5yd0193a48ivd11qznnyi1aff63971bn-rlwrap-0.46.1",
              "default": true
            }
          ],
          "store_path": "/nix/store/5yd0193a48ivd11qznnyi1aff63971bn-rlwrap-0.46.1"
        },
        "aarch64-linux": {
          "outputs": [
            {
              "name": "out",
              "path": "/nix/store/8rkn9n3m8cr9f497k0wy2m97k4gn5bmf-rlwrap-0.46.1",
              "default": true
            }
          ],
          "store_path": "/nix/store/8rkn9n3m8cr9f497k0wy2m97k4gn5bmf-rlwrap-0.46.1"
        },
        "x86_64-darwin": {
          "outputs": [
            {
              "name": "out",
              "path": "/nix/store/2h7p589yy0mynf9rgzr6lcl7x0izd4af-rlwrap-0.46.1",
              "default": true
            }
          ],
          "store_path": "/nix/store/2h7p589yy0mynf9rgzr6lcl7x0izd4af-rlwrap-0.46.1"
        },
        "x86_64-linux": {
          "outputs": [
            {
              "name": "out",
              "path": "/nix/store/8rnh7cgrnbjms367ripsycnfjr9y5pid-rlwrap-0.46.1",
              "default": true
            }
          ],
          "store_path": "/nix/store/8rnh7cgrnbjms367ripsycnfjr9y5pid-rlwrap-0.46.1"
        }
      }
    },
    "smlnj@latest": {
      "last_modified": "2024-09-10T15:01:03Z",
      "resolved": "github:NixOS/nixpkgs/5ed627539ac84809c78b2dd6d26a5cebeb5ae269#smlnj",
      "source": "devbox-search",
      "version": "110.95",
      "systems": {
        "x86_64-darwin": {
          "outputs": [
            {
              "name": "out",
              "path": "/nix/store/p236xjypkv199xialh5m9809vz39zzvg-smlnj-110.95",
              "default": true
            }
          ],
          "store_path": "/nix/store/p236xjypkv199xialh5m9809vz39zzvg-smlnj-110.95"
        },
        "x86_64-linux": {
          "outputs": [
            {
              "name": "out",
              "path": "/nix/store/691g7wny29j0znxbww5670dak72byw8h-smlnj-110.95",
              "default": true
            }
          ],
          "store_path": "/nix/store/691g7wny29j0znxbww5670dak72byw8h-smlnj-110.95"
        }
      }
    }
  }
}
